{
  "originHash" : "8aaccd8ba570b1c4cb3c5bc2a98cbd417a924ba23165926c2ada0cd05f0df90a",
  "pins" : [
    {
      "identity" : "defaults",
      "kind" : "remoteSourceControl",
      "location" : "https://github.com/sindresorhus/Defaults.git",
      "state" : {
        "revision" : "8192b0986611e105355a9433e99bf5c79469fbbd",
        "version" : "9.0.6"
      }
    },
    {
      "identity" : "kingfisher",
      "kind" : "remoteSourceControl",
      "location" : "https://github.com/onevcat/Kingfisher",
      "state" : {
        "revision" : "cf8be20d07654570554c8a8a4952bc8a5766a8b0",
        "version" : "8.9.0"
      }
    },
    {
      "identity" : "snapkit",
      "kind" : "remoteSourceControl",
      "location" : "https://github.com/SnapKit/SnapKit.git",
      "state" : {
        "revision" : "2842e6e84e82eb9a8dac0100ca90d9444b0307f4",
        "version" : "5.7.1"
      }
    },
    {
      "identity" : "sqlite.swift",
      "kind" : "remoteSourceControl",
      "location" : "https://github.com/stephencelis/SQLite.swift.git",
      "state" : {
        "revision" : "0c08856385fe24f7b76d8c51842d78a196e8e817",
        "version" : "0.15.5"
      }
    },
    {
      "identity" : "swift-syntax",
      "kind" : "remoteSourceControl",
      "location" : "https://github.com/swiftlang/swift-syntax",
      "state" : {
        "revision" : "4799286537280063c85a32f09884cfbca301b1a1",
        "version" : "602.0.0"
      }
    },
    {
      "identity" : "swxmlhash",
      "kind" : "remoteSourceControl",
      "location" : "https://github.com/drmohundro/SWXMLHash.git",
      "state" : {
        "revision" : "9cfb8730651ae7f57a6f5d413e2f07be7d7dbd41",
        "version" : "8.1.1"
      }
    },
    {
      "identity" : "xmltextrenderkit",
      "kind" : "remoteSourceControl",
      "location" : "https://github.com/askrsw/XMLTextRenderKit.git",
      "state" : {
        "revision" : "ea7bcdcb88d79a9bdfc312e6791dfc09dce471e4",
        "version" : "1.4.0"
      }
    }
  ],
  "version" : 3
}
